Microsoft Visual Studio Solution File, Format Version 12.00
# Visual Studio 2012
Project("{FAE04EC0-301F-11D3-BF4B-00C04F79EFBC}") = "Rpg Fantasy Ver 1", "Rpg Fantasy Ver 1.csproj", "{EC6EDCB7-1747-4EC4-B803-D19F0E1CDCD5}"
EndProject
Global
	GlobalSection(SolutionConfigurationPlatforms) = preSolution
	Debug|Any CPU = Debug|Any CPU
	ExportDebug|Any CPU = ExportDebug|Any CPU
	ExportRelease|Any CPU = ExportRelease|Any CPU
	EndGlobalSection
	GlobalSection(ProjectConfigurationPlatforms) = postSolution
		{EC6EDCB7-1747-4EC4-B803-D19F0E1CDCD5}.Debug|Any CPU.ActiveCfg = Debug|Any CPU
		{EC6EDCB7-1747-4EC4-B803-D19F0E1CDCD5}.Debug|Any CPU.Build.0 = Debug|Any CPU
		{EC6EDCB7-1747-4EC4-B803-D19F0E1CDCD5}.ExportDebug|Any CPU.ActiveCfg = ExportDebug|Any CPU
		{EC6EDCB7-1747-4EC4-B803-D19F0E1CDCD5}.ExportDebug|Any CPU.Build.0 = ExportDebug|Any CPU
		{EC6EDCB7-1747-4EC4-B803-D19F0E1CDCD5}.ExportRelease|Any CPU.ActiveCfg = ExportRelease|Any CPU
		{EC6EDCB7-1747-4EC4-B803-D19F0E1CDCD5}.ExportRelease|Any CPU.Build.0 = ExportRelease|Any CPU
	EndGlobalSection
EndGlobal
